{
  "version": 4,
  "terraform_version": "1.10.1",
  "serial": 3,
  "lineage": "7fa99459-3c42-b2be-2c21-03e4557dd8d1",
  "outputs": {},
  "resources": [
    {
      "mode": "managed",
      "type": "helm_release",
      "name": "argocd",
      "provider": "provider[\"registry.terraform.io/hashicorp/helm\"]",
      "instances": [
        {
          "schema_version": 1,
          "attributes": {
            "atomic": false,
            "chart": "argo-cd",
            "cleanup_on_fail": false,
            "create_namespace": true,
            "dependency_update": false,
            "description": null,
            "devel": null,
            "disable_crd_hooks": false,
            "disable_openapi_validation": false,
            "disable_webhooks": false,
            "force_update": false,
            "id": "argocd",
            "keyring": null,
            "lint": false,
            "manifest": null,
            "max_history": 0,
            "metadata": [
              {
                "app_version": "v2.13.3",
                "chart": "argo-cd",
                "first_deployed": 1736436611,
                "last_deployed": 1736436611,
                "name": "argocd",
                "namespace": "argocd",
                "notes": "In order to access the server UI you have the following options:\n\n1. kubectl port-forward service/argocd-server -n argocd 8080:443\n\n    and then open the browser on http://localhost:8080 and accept the certificate\n\n2. enable ingress in the values file `server.ingress.enabled` and either\n      - Add the annotation for ssl passthrough: https://argo-cd.readthedocs.io/en/stable/operator-manual/ingress/#option-1-ssl-passthrough\n      - Set the `configs.params.\"server.insecure\"` in the values file and terminate SSL at your ingress: https://argo-cd.readthedocs.io/en/stable/operator-manual/ingress/#option-2-multiple-ingress-objects-and-hosts\n\n\nAfter reaching the UI the first time you can login with username: admin and the random password generated during the installation. You can find the password by running:\n\nkubectl -n argocd get secret argocd-initial-admin-secret -o jsonpath=\"{.data.password}\" | base64 -d\n\n(You should delete the initial secret afterwards as suggested by the Getting Started Guide: https://argo-cd.readthedocs.io/en/stable/getting_started/#4-login-using-the-cli)\n",
                "revision": 1,
                "values": "{\"server\":{\"service\":{\"type\":\"ClusterIP\"}}}",
                "version": "7.7.14"
              }
            ],
            "name": "argocd",
            "namespace": "argocd",
            "pass_credentials": false,
            "postrender": [],
            "recreate_pods": false,
            "render_subchart_notes": true,
            "replace": false,
            "repository": "https://argoproj.github.io/argo-helm",
            "repository_ca_file": null,
            "repository_cert_file": null,
            "repository_key_file": null,
            "repository_password": null,
            "repository_username": null,
            "reset_values": false,
            "reuse_values": false,
            "set": [],
            "set_list": [],
            "set_sensitive": [],
            "skip_crds": false,
            "status": "deployed",
            "timeout": 300,
            "upgrade_install": null,
            "values": [
              "        server:\n            service:\n                type: ClusterIP\n"
            ],
            "verify": false,
            "version": "7.7.14",
            "wait": true,
            "wait_for_jobs": false
          },
          "sensitive_attributes": [
            [
              {
                "type": "get_attr",
                "value": "repository_password"
              }
            ]
          ],
          "private": "eyJzY2hlbWFfdmVyc2lvbiI6IjEifQ=="
        }
      ]
    },
    {
      "mode": "managed",
      "type": "minikube_cluster",
      "name": "minikube-docker",
      "provider": "provider[\"registry.terraform.io/scott-the-programmer/minikube\"]",
      "instances": [
        {
          "schema_version": 0,
          "attributes": {
            "addons": [
              "default-storageclass",
              "storage-provisioner"
            ],
            "apiserver_ips": [],
            "apiserver_name": "minikubeCA",
            "apiserver_names": [],
            "apiserver_port": 8443,
            "auto_pause_interval": 1,
            "auto_update_drivers": true,
            "base_image": "gcr.io/k8s-minikube/kicbase:v0.0.44@sha256:eb04641328b06c5c4a14f4348470e1046bbcf9c2cbc551486e343d3a49db557e",
            "binary_mirror": null,
            "cache_images": true,
            "cert_expiration": 1576800,
            "client_certificate": "-----BEGIN CERTIFICATE-----\nMIIDITCCAgmgAwIBAgIBAjANBgkqhkiG9w0BAQsFADAVMRMwEQYDVQQDEwptaW5p\na3ViZUNBMB4XDTI1MDEwODE0NDczM1oXDTI4MDEwOTE0NDczM1owMTEXMBUGA1UE\nChMOc3lzdGVtOm1hc3RlcnMxFjAUBgNVBAMTDW1pbmlrdWJlLXVzZXIwggEiMA0G\nCSqGSIb3DQEBAQUAA4IBDwAwggEKAoIBAQCk4jmIWZzmVttUfDJnnt5U1MbnT8Jk\nGznOIXgdO00/pn/KN8p5a4dFGUSTY9xnurZfMk7lXnYZNCFnIEXLt4652yWE+AIt\ndABrtLy+3sGm+ZnZvETxx15Lt4wVr0VKP6wi0OSsO5uRJum+0u/hE1J8xkwNK8eN\nk0pfg5X+ByFFknDf43B9YygSrvieph2anH8syYhWCLCkzOMoiFh0PrAQJzpa3loE\nUK0PHxfPf5ZvTBA11VLzXG7LwZ0qxhM1Wx6pfb1ay5PsU/lU3oBfjhESVWbz3J89\nUULbFce2U2svklJ5Oq065ERX+uwyWN/1GEXHE0UuO+CdUca19IqojE93AgMBAAGj\nYDBeMA4GA1UdDwEB/wQEAwIFoDAdBgNVHSUEFjAUBggrBgEFBQcDAQYIKwYBBQUH\nAwIwDAYDVR0TAQH/BAIwADAfBgNVHSMEGDAWgBTIb1ZR0Ujronl31hRsY9Y5Rwqz\nYzANBgkqhkiG9w0BAQsFAAOCAQEAila0uCNB0vK4GskxNw9DVYHZPk3NGnh/15ts\nHAkncGDaSVV9sVJle7UtjPYQnLJf7T5ZvnAZJyvg7+4mRUv/5Pymw8B2g2u1PKm8\nwqmQ2ALozkBe9ZymbQdqI4xwg5NRUIZMIfWn8fGQFr4TjVUcyV7aMMQr9ZNM86GV\nWjc3tHGUQcNG8yj3zogN3u5DftifZZoTG+vG7QfErigBDJBTXcf0mPthf9XLBl76\nn37eYz43bUkEbmR/Ee8DA6W2145YnbvQ6jCaapy0YG2SGXxbufYaRsHNZ6zES/m2\nCJT4Jc+8n4x6DJ2EA1gl+dEdMTvghUXeqDhTo8/aW9I09um0/w==\n-----END CERTIFICATE-----\n",
            "client_key": "-----BEGIN RSA PRIVATE KEY-----\nMIIEpAIBAAKCAQEApOI5iFmc5lbbVHwyZ57eVNTG50/CZBs5ziF4HTtNP6Z/yjfK\neWuHRRlEk2PcZ7q2XzJO5V52GTQhZyBFy7eOudslhPgCLXQAa7S8vt7BpvmZ2bxE\n8cdeS7eMFa9FSj+sItDkrDubkSbpvtLv4RNSfMZMDSvHjZNKX4OV/gchRZJw3+Nw\nfWMoEq74nqYdmpx/LMmIVgiwpMzjKIhYdD6wECc6Wt5aBFCtDx8Xz3+Wb0wQNdVS\n81xuy8GdKsYTNVseqX29WsuT7FP5VN6AX44RElVm89yfPVFC2xXHtlNrL5JSeTqt\nOuREV/rsMljf9RhFxxNFLjvgnVHGtfSKqIxPdwIDAQABAoIBAAnWTWRrJEdBy1gh\nCMjR26XoA+3s/kYGsc4whQAJd7RidKFV7siLt8hRl5vLi2zM4PCRCc/5cMZUK+IB\nNOjQjL1d68EhItAfaZ8Da3dfxuH1Zk5tQxfBs0iFLOBmUpX5coWpPNthuwhP8AYo\ng5NEGdnD4umuQPubXAaSzTIYrs19tJkPpDVjN5wgJgxWacu5jSCCnV89ieAlXoV1\nza8zpP9h8rfJPe+BEOQoxXDYCbbWjjv4Gv6Yvnkwa7iHBPrDWGJ6CCaL0UZ0R+cZ\nBoe7wZhJyyAAy9SmNScGThYpsi0dfKxFyFeFtL2q2tFuUDBc7FUTU30q2ieo768o\n7f38rbECgYEA20ftmIgyMe1TPoHviBcHbqnuTTcQgg5FsDRhJOYx2G2LCsFZeXDN\nFAJAZXa721Ni/RM6/+616ZS4owhx5E3jo8cPkJVcjIDraX2OHCU7Tezm+7OMJ7/W\nIFobGa/GbjffYMrtt+pvv89NqVxrQHBvj70gkyBS8l7A0fJsNEVcZzsCgYEAwH5o\n/kH2oAa7kXyqqMEJ8ZqTFlWlOEx2Q2YOHZ78dgNRRy/6nb6pJ08FFxHTaGyvx/AJ\nCrCZnhlh9gM/AJA8N5b6YJaOmUakQAEn9BaOYwdajbQTdOhUpkk7S2R0Fg5f8CAQ\nKLDUF12fN9FFYcxYQ7kLq1gAzqce8eBudzHoTPUCgYEAhaHg/trJVDngSDChTBtU\nsTEoA7ByBAA0ofxZ00XhzJZ9bLGGGIcQw4fXvL3OIAxCQB5vDzdnbxDuMJTd65c4\nCkAukRslCo8qZ+BXMXnTGVstLOkvma3EDXU8HLxNPjAYloE0u6dIMOlh17t1tRCQ\nPFWyu1awlfn+ojONk5FNja8CgYBQv7aDkmBG2QwuB8H/cJsfQtyY7eyVJV4m/9TE\nEEGPr+yUlEfpjGWhG8Di4JNypsVGdicU2OhYLgWuEcaIEflwyGDXy9Cd88hLITEF\nb8DjQd52uye+TwfTibzZ75XS+sy8Cnc82pDeDGQSIjOcxv/vyNxgUFZmWizdAmzU\ni5cLUQKBgQDSfM2RUnu+qsXZ8EvOjc9KOqY+bRROaP6IVhEXpoqFjxzD5YuUbIMd\nxsm9b914pL5/Cp7dJx10nVX+llT6c+hn6GDe9mwHILrXKpJaeDdIxr/WjmA5GnrM\nMDVqmc+pb77KbGWakz38hq41jtN5lVUbmCXffEfPkPCTzmHNjyBhFg==\n-----END RSA PRIVATE KEY-----\n",
            "cluster_ca_certificate": "-----BEGIN CERTIFICATE-----\nMIIDBjCCAe6gAwIBAgIBATANBgkqhkiG9w0BAQsFADAVMRMwEQYDVQQDEwptaW5p\na3ViZUNBMB4XDTI1MDEwODE0NDczM1oXDTM1MDEwNzE0NDczM1owFTETMBEGA1UE\nAxMKbWluaWt1YmVDQTCCASIwDQYJKoZIhvcNAQEBBQADggEPADCCAQoCggEBAKur\na4bvJf2USqiPFT+PbySN7yJqVDfE74SrzK7aND+5dkIx2viXNSKE6aFY2w7pjoo/\nfba+P/T+rURKiRscI8PP88rf78USMmHNrJIgbqPajJYE28I6NidHMZNYnE6zm0xA\nc9/BVDdA9nsFDZcu4HHHXFyGE6ZWD3n0+lg10lFcWpNoM4PMQHX4jspzxvqUf92Y\n0W1DoGYF2hVjkjTln9LkhFwEve5jMf4qoh8Q4Btr9zdofynmSNQrVqnpVGH9+DqN\n5GMkR69BQqYFqOaUpcY67Hge3+Q3uqDLDHZed2By15MUxcww7yPILPOqh4Yz92RI\nXoyUc/SklXkMe/K3pu8CAwEAAaNhMF8wDgYDVR0PAQH/BAQDAgKkMB0GA1UdJQQW\nMBQGCCsGAQUFBwMCBggrBgEFBQcDATAPBgNVHRMBAf8EBTADAQH/MB0GA1UdDgQW\nBBTIb1ZR0Ujronl31hRsY9Y5RwqzYzANBgkqhkiG9w0BAQsFAAOCAQEAgV1Ns5du\n94jTDKtRheY78KHCVqg+ebIm4GnAlTs7FVAosAq7t9Zq54qMvmNEV6ZSwaBRLSNy\nhKvFEBuDJSM16XDn23hDYwXelf8GaxuE/rOI4qvn9dG3l2w7uWv1DJME9k+C7coQ\nZbHwPbZ7enFI+Zlo/VWvpn2NZwC5BKYW3035lR4ZmxlWl0FShgDvbmj/YHmw8dUC\np70G5e/WAgSZGwQ75i/oTrAgpO08YYLrzszN1SNuxEGAQWJbsiy+L14wQj5+q5KU\ntSRQRVu2Yc10e07HfABSSIt4YPPVyh7qGiwV9Sdca1zysKlVH8NV1r1CFxjeDNFu\niMiopJLmyA0ncg==\n-----END CERTIFICATE-----\n",
            "cluster_name": "complete-devops-project",
            "cni": "",
            "container_runtime": "docker",
            "cpus": 2,
            "cri_socket": "",
            "delete_on_failure": false,
            "disable_driver_mounts": false,
            "disable_metrics": false,
            "disable_optimizations": false,
            "disk_size": "20000mb",
            "dns_domain": "cluster.local",
            "dns_proxy": false,
            "docker_env": null,
            "docker_opt": null,
            "download_only": false,
            "driver": "docker",
            "dry_run": false,
            "embed_certs": false,
            "enable_default_cni": false,
            "extra_config": [],
            "extra_disks": 0,
            "feature_gates": "",
            "force": false,
            "force_systemd": false,
            "gpus": null,
            "ha": false,
            "host": "https://127.0.0.1:50752",
            "host_dns_resolver": true,
            "host_only_cidr": "192.168.59.1/24",
            "host_only_nic_type": "virtio",
            "hyperkit_vpnkit_sock": "",
            "hyperkit_vsock_ports": [],
            "hyperv_external_adapter": "",
            "hyperv_use_external_switch": false,
            "hyperv_virtual_switch": "",
            "id": "complete-devops-project",
            "image_mirror_country": null,
            "image_repository": "",
            "insecure_registry": [],
            "install_addons": true,
            "interactive": true,
            "iso_url": [
              "https://github.com/kubernetes/minikube/releases/download/v1.33.0/minikube-v1.33.0-amd64.iso"
            ],
            "keep_context": false,
            "kubernetes_version": null,
            "kvm_gpu": false,
            "kvm_hidden": false,
            "kvm_network": "default",
            "kvm_numa_count": 1,
            "kvm_qemu_uri": "qemu:///system",
            "listen_address": "",
            "memory": "4096mb",
            "mount": false,
            "mount_9p_version": "9p2000.L",
            "mount_gid": "docker",
            "mount_ip": null,
            "mount_msize": 262144,
            "mount_options": null,
            "mount_port": 0,
            "mount_string": "/Users:/minikube-host",
            "mount_type": "9p",
            "mount_uid": "docker",
            "namespace": "default",
            "nat_nic_type": "virtio",
            "native_ssh": true,
            "network": "",
            "network_plugin": null,
            "nfs_share": [],
            "nfs_shares_root": "/nfsshares",
            "no_kubernetes": false,
            "no_vtx_check": false,
            "nodes": 1,
            "output": "text",
            "ports": [],
            "preload": true,
            "qemu_firmware_path": null,
            "registry_mirror": [],
            "service_cluster_ip_range": "10.96.0.0/12",
            "socket_vmnet_client_path": "/usr/local/opt/socket_vmnet/bin/socket_vmnet_client",
            "socket_vmnet_path": "/usr/local/var/run/socket_vmnet",
            "ssh_ip_address": "",
            "ssh_key": "",
            "ssh_port": 22,
            "ssh_user": "root",
            "static_ip": null,
            "subnet": null,
            "trace": null,
            "uuid": "",
            "vm": false,
            "vm_driver": null,
            "wait": null,
            "wait_timeout": 6
          },
          "sensitive_attributes": [
            [
              {
                "type": "get_attr",
                "value": "client_certificate"
              }
            ],
            [
              {
                "type": "get_attr",
                "value": "cluster_ca_certificate"
              }
            ],
            [
              {
                "type": "get_attr",
                "value": "client_key"
              }
            ]
          ],
          "private": "bnVsbA=="
        }
      ]
    }
  ],
  "check_results": null
}
